// !$*UTF8*$!
{
	archiveVersion = 1;
	classes = {
	};
	objectVersion = 50;
	objects = {

/* Begin PBXBuildFile section */
		EF04681525682F58002C767E /* MKPointAnnotation-ObservableObject.swift in Sources */ = {isa = PBXBuildFile; fileRef = EF04681425682F58002C767E /* MKPointAnnotation-ObservableObject.swift */; };
		EF04681825682FE7002C767E /* EditView.swift in Sources */ = {isa = PBXBuildFile; fileRef = EF04681725682FE7002C767E /* EditView.swift */; };
		EF04681B256837AB002C767E /* Result.swift in Sources */ = {isa = PBXBuildFile; fileRef = EF04681A256837AB002C767E /* Result.swift */; };
		EF04681E256847AF002C767E /* MKPointAnnotation-Codable.swift in Sources */ = {isa = PBXBuildFile; fileRef = EF04681D256847AF002C767E /* MKPointAnnotation-Codable.swift */; };
		EF28039E25615B0500C8F042 /* MapieverApp.swift in Sources */ = {isa = PBXBuildFile; fileRef = EF28039D25615B0500C8F042 /* MapieverApp.swift */; };
		EF2803A025615B0500C8F042 /* WriteFile.swift in Sources */ = {isa = PBXBuildFile; fileRef = EF28039F25615B0500C8F042 /* WriteFile.swift */; };
		EF2803A225615B0600C8F042 /* Assets.xcassets in Resources */ = {isa = PBXBuildFile; fileRef = EF2803A125615B0600C8F042 /* Assets.xcassets */; };
		EF2803A525615B0600C8F042 /* Preview Assets.xcassets in Resources */ = {isa = PBXBuildFile; fileRef = EF2803A425615B0600C8F042 /* Preview Assets.xcassets */; };
		EF2803AE2561601B00C8F042 /* ViewStates.swift in Sources */ = {isa = PBXBuildFile; fileRef = EF2803AD2561601B00C8F042 /* ViewStates.swift */; };
		EF2803B2256160EC00C8F042 /* MapView.swift in Sources */ = {isa = PBXBuildFile; fileRef = EF2803B1256160EC00C8F042 /* MapView.swift */; };
		EF2803B6256162D200C8F042 /* MainView.swift in Sources */ = {isa = PBXBuildFile; fileRef = EF2803B5256162D200C8F042 /* MainView.swift */; };
		EF2803B92561682E00C8F042 /* FaceIDAuth.swift in Sources */ = {isa = PBXBuildFile; fileRef = EF2803B82561682E00C8F042 /* FaceIDAuth.swift */; };
		EF90609425642DDC00B591F8 /* AdvancedMapView.swift in Sources */ = {isa = PBXBuildFile; fileRef = EF90609325642DDC00B591F8 /* AdvancedMapView.swift */; };
		EF9060972564318300B591F8 /* ContentView.swift in Sources */ = {isa = PBXBuildFile; fileRef = EF9060962564318300B591F8 /* ContentView.swift */; };
/* End PBXBuildFile section */

/* Begin PBXFileReference section */
		EF04681425682F58002C767E /* MKPointAnnotation-ObservableObject.swift */ = {isa = PBXFileReference; lastKnownFileType = sourcecode.swift; path = "MKPointAnnotation-ObservableObject.swift"; sourceTree = "<group>"; };
		EF04681725682FE7002C767E /* EditView.swift */ = {isa = PBXFileReference; lastKnownFileType = sourcecode.swift; path = EditView.swift; sourceTree = "<group>"; };
		EF04681A256837AB002C767E /* Result.swift */ = {isa = PBXFileReference; lastKnownFileType = sourcecode.swift; path = Result.swift; sourceTree = "<group>"; };
		EF04681D256847AF002C767E /* MKPointAnnotation-Codable.swift */ = {isa = PBXFileReference; lastKnownFileType = sourcecode.swift; path = "MKPointAnnotation-Codable.swift"; sourceTree = "<group>"; };
		EF28039A25615B0500C8F042 /* Mapiever.app */ = {isa = PBXFileReference; explicitFileType = wrapper.application; includeInIndex = 0; path = Mapiever.app; sourceTree = BUILT_PRODUCTS_DIR; };
		EF28039D25615B0500C8F042 /* MapieverApp.swift */ = {isa = PBXFileReference; lastKnownFileType = sourcecode.swift; path = MapieverApp.swift; sourceTree = "<group>"; };
		EF28039F25615B0500C8F042 /* WriteFile.swift */ = {isa = PBXFileReference; lastKnownFileType = sourcecode.swift; path = WriteFile.swift; sourceTree = "<group>"; };
		EF2803A125615B0600C8F042 /* Assets.xcassets */ = {isa = PBXFileReference; lastKnownFileType = folder.assetcatalog; path = Assets.xcassets; sourceTree = "<group>"; };
		EF2803A425615B0600C8F042 /* Preview Assets.xcassets */ = {isa = PBXFileReference; lastKnownFileType = folder.assetcatalog; path = "Preview Assets.xcassets"; sourceTree = "<group>"; };
		EF2803A625615B0600C8F042 /* Info.plist */ = {isa = PBXFileReference; lastKnownFileType = text.plist.xml; path = Info.plist; sourceTree = "<group>"; };
		EF2803AD2561601B00C8F042 /* ViewStates.swift */ = {isa = PBXFileReference; lastKnownFileType = sourcecode.swift; path = ViewStates.swift; sourceTree = "<group>"; };
		EF2803B1256160EC00C8F042 /* MapView.swift */ = {isa = PBXFileReference; lastKnownFileType = sourcecode.swift; path = MapView.swift; sourceTree = "<group>"; };
		EF2803B5256162D200C8F042 /* MainView.swift */ = {isa = PBXFileReference; lastKnownFileType = sourcecode.swift; path = MainView.swift; sourceTree = "<group>"; };
		EF2803B82561682E00C8F042 /* FaceIDAuth.swift */ = {isa = PBXFileReference; lastKnownFileType = sourcecode.swift; path = FaceIDAuth.swift; sourceTree = "<group>"; };
		EF90609325642DDC00B591F8 /* AdvancedMapView.swift */ = {isa = PBXFileReference; lastKnownFileType = sourcecode.swift; path = AdvancedMapView.swift; sourceTree = "<group>"; };
		EF9060962564318300B591F8 /* ContentView.swift */ = {isa = PBXFileReference; lastKnownFileType = sourcecode.swift; path = ContentView.swift; sourceTree = "<group>"; };
/* End PBXFileReference section */

/* Begin PBXFrameworksBuildPhase section */
		EF28039725615B0500C8F042 /* Frameworks */ = {
			isa = PBXFrameworksBuildPhase;
			buildActionMask = 2147483647;
			files = (
			);
			runOnlyForDeploymentPostprocessing = 0;
		};
/* End PBXFrameworksBuildPhase section */

/* Begin PBXGroup section */
		EF28039125615B0500C8F042 = {
			isa = PBXGroup;
			children = (
				EF28039C25615B0500C8F042 /* Mapiever */,
				EF28039B25615B0500C8F042 /* Products */,
			);
			sourceTree = "<group>";
		};
		EF28039B25615B0500C8F042 /* Products */ = {
			isa = PBXGroup;
			children = (
				EF28039A25615B0500C8F042 /* Mapiever.app */,
			);
			name = Products;
			sourceTree = "<group>";
		};
		EF28039C25615B0500C8F042 /* Mapiever */ = {
			isa = PBXGroup;
			children = (
				EF2803AD2561601B00C8F042 /* ViewStates.swift */,
				EF28039D25615B0500C8F042 /* MapieverApp.swift */,
				EF28039F25615B0500C8F042 /* WriteFile.swift */,
				EF2803B82561682E00C8F042 /* FaceIDAuth.swift */,
				EF2803B1256160EC00C8F042 /* MapView.swift */,
				EF04681425682F58002C767E /* MKPointAnnotation-ObservableObject.swift */,
				EF04681D256847AF002C767E /* MKPointAnnotation-Codable.swift */,
				EF04681725682FE7002C767E /* EditView.swift */,
				EF90609325642DDC00B591F8 /* AdvancedMapView.swift */,
				EF9060962564318300B591F8 /* ContentView.swift */,
				EF04681A256837AB002C767E /* Result.swift */,
				EF2803B5256162D200C8F042 /* MainView.swift */,
				EF2803A125615B0600C8F042 /* Assets.xcassets */,
				EF2803A625615B0600C8F042 /* Info.plist */,
				EF2803A325615B0600C8F042 /* Preview Content */,
			);
			path = Mapiever;
			sourceTree = "<group>";
		};
		EF2803A325615B0600C8F042 /* Preview Content */ = {
			isa = PBXGroup;
			children = (
				EF2803A425615B0600C8F042 /* Preview Assets.xcassets */,
			);
			path = "Preview Content";
			sourceTree = "<group>";
		};
/* End PBXGroup section */

/* Begin PBXNativeTarget section */
		EF28039925615B0500C8F042 /* Mapiever */ = {
			isa = PBXNativeTarget;
			buildConfigurationList = EF2803A925615B0600C8F042 /* Build configuration list for PBXNativeTarget "Mapiever" */;
			buildPhases = (
				EF28039625615B0500C8F042 /* Sources */,
				EF28039725615B0500C8F042 /* Frameworks */,
				EF28039825615B0500C8F042 /* Resources */,
			);
			buildRules = (
			);
			dependencies = (
			);
			name = Mapiever;
			productName = Mapiever;
			productReference = EF28039A25615B0500C8F042 /* Mapiever.app */;
			productType = "com.apple.product-type.application";
		};
/* End PBXNativeTarget section */

/* Begin PBXProject section */
		EF28039225615B0500C8F042 /* Project object */ = {
			isa = PBXProject;
			attributes = {
				LastSwiftUpdateCheck = 1220;
				LastUpgradeCheck = 1220;
				TargetAttributes = {
					EF28039925615B0500C8F042 = {
						CreatedOnToolsVersion = 12.2;
					};
				};
			};
			buildConfigurationList = EF28039525615B0500C8F042 /* Build configuration list for PBXProject "Mapiever" */;
			compatibilityVersion = "Xcode 9.3";
			developmentRegion = en;
			hasScannedForEncodings = 0;
			knownRegions = (
				en,
				Base,
			);
			mainGroup = EF28039125615B0500C8F042;
			productRefGroup = EF28039B25615B0500C8F042 /* Products */;
			projectDirPath = "";
			projectRoot = "";
			targets = (
				EF28039925615B0500C8F042 /* Mapiever */,
			);
		};
/* End PBXProject section */

/* Begin PBXResourcesBuildPhase section */
		EF28039825615B0500C8F042 /* Resources */ = {
			isa = PBXResourcesBuildPhase;
			buildActionMask = 2147483647;
			files = (
				EF2803A525615B0600C8F042 /* Preview Assets.xcassets in Resources */,
				EF2803A225615B0600C8F042 /* Assets.xcassets in Resources */,
			);
			runOnlyForDeploymentPostprocessing = 0;
		};
/* End PBXResourcesBuildPhase section */

/* Begin PBXSourcesBuildPhase section */
		EF28039625615B0500C8F042 /* Sources */ = {
			isa = PBXSourcesBuildPhase;
			buildActionMask = 2147483647;
			files = (
				EF90609425642DDC00B591F8 /* AdvancedMapView.swift in Sources */,
				EF2803AE2561601B00C8F042 /* ViewStates.swift in Sources */,
				EF9060972564318300B591F8 /* ContentView.swift in Sources */,
				EF2803B2256160EC00C8F042 /* MapView.swift in Sources */,
				EF04681525682F58002C767E /* MKPointAnnotation-ObservableObject.swift in Sources */,
				EF2803A025615B0500C8F042 /* WriteFile.swift in Sources */,
				EF04681E256847AF002C767E /* MKPointAnnotation-Codable.swift in Sources */,
				EF04681825682FE7002C767E /* EditView.swift in Sources */,
				EF2803B92561682E00C8F042 /* FaceIDAuth.swift in Sources */,
				EF2803B6256162D200C8F042 /* MainView.swift in Sources */,
				EF28039E25615B0500C8F042 /* MapieverApp.swift in Sources */,
				EF04681B256837AB002C767E /* Result.swift in Sources */,
			);
			runOnlyForDeploymentPostprocessing = 0;
		};
/* End PBXSourcesBuildPhase section */

/* Begin XCBuildConfiguration section */
		EF2803A725615B0600C8F042 /* Debug */ = {
			isa = XCBuildConfiguration;
			buildSettings = {
				ALWAYS_SEARCH_USER_PATHS = NO;
				CLANG_ANALYZER_NONNULL = YES;
				CLANG_ANALYZER_NUMBER_OBJECT_CONVERSION = YES_AGGRESSIVE;
				CLANG_CXX_LANGUAGE_STANDARD = "gnu++14";
				CLANG_CXX_LIBRARY = "libc++";
				CLANG_ENABLE_MODULES = YES;
				CLANG_ENABLE_OBJC_ARC = YES;
				CLANG_ENABLE_OBJC_WEAK = YES;
				CLANG_WARN_BLOCK_CAPTURE_AUTORELEASING = YES;
				CLANG_WARN_BOOL_CONVERSION = YES;
				CLANG_WARN_COMMA = YES;
				CLANG_WARN_CONSTANT_CONVERSION = YES;
				CLANG_WARN_DEPRECATED_OBJC_IMPLEMENTATIONS = YES;
				CLANG_WARN_DIRECT_OBJC_ISA_USAGE = YES_ERROR;
				CLANG_WARN_DOCUMENTATION_COMMENTS = YES;
				CLANG_WARN_EMPTY_BODY = YES;
				CLANG_WARN_ENUM_CONVERSION = YES;
				CLANG_WARN_INFINITE_RECURSION = YES;
				CLANG_WARN_INT_CONVERSION = YES;
				CLANG_WARN_NON_LITERAL_NULL_CONVERSION = YES;
				CLANG_WARN_OBJC_IMPLICIT_RETAIN_SELF = YES;
				CLANG_WARN_OBJC_LITERAL_CONVERSION = YES;
				CLANG_WARN_OBJC_ROOT_CLASS = YES_ERROR;
				CLANG_WARN_QUOTED_INCLUDE_IN_FRAMEWORK_HEADER = YES;
				CLANG_WARN_RANGE_LOOP_ANALYSIS = YES;
				CLANG_WARN_STRICT_PROTOTYPES = YES;
				CLANG_WARN_SUSPICIOUS_MOVE = YES;
				CLANG_WARN_UNGUARDED_AVAILABILITY = YES_AGGRESSIVE;
				CLANG_WARN_UNREACHABLE_CODE = YES;
				CLANG_WARN__DUPLICATE_METHOD_MATCH = YES;
				COPY_PHASE_STRIP = NO;
				DEBUG_INFORMATION_FORMAT = dwarf;
				ENABLE_STRICT_OBJC_MSGSEND = YES;
				ENABLE_TESTABILITY = YES;
				GCC_C_LANGUAGE_STANDARD = gnu11;
				GCC_DYNAMIC_NO_PIC = NO;
				GCC_NO_COMMON_BLOCKS = YES;
				GCC_OPTIMIZATION_LEVEL = 0;
				GCC_PREPROCESSOR_DEFINITIONS = (
					"DEBUG=1",
					"$(inherited)",
				);
				GCC_WARN_64_TO_32_BIT_CONVERSION = YES;
				GCC_WARN_ABOUT_RETURN_TYPE = YES_ERROR;
				GCC_WARN_UNDECLARED_SELECTOR = YES;
				GCC_WARN_UNINITIALIZED_AUTOS = YES_AGGRESSIVE;
				GCC_WARN_UNUSED_FUNCTION = YES;
				GCC_WARN_UNUSED_VARIABLE = YES;
				IPHONEOS_DEPLOYMENT_TARGET = 14.2;
				MTL_ENABLE_DEBUG_INFO = INCLUDE_SOURCE;
				MTL_FAST_MATH = YES;
				ONLY_ACTIVE_ARCH = YES;
				SDKROOT = iphoneos;
				SWIFT_ACTIVE_COMPILATION_CONDITIONS = DEBUG;
				SWIFT_OPTIMIZATION_LEVEL = "-Onone";
			};
			name = Debug;
		};
		EF2803A825615B0600C8F042 /* Release */ = {
			isa = XCBuildConfiguration;
			buildSettings = {
				ALWAYS_SEARCH_USER_PATHS = NO;
				CLANG_ANALYZER_NONNULL = YES;
				CLANG_ANALYZER_NUMBER_OBJECT_CONVERSION = YES_AGGRESSIVE;
				CLANG_CXX_LANGUAGE_STANDARD = "gnu++14";
				CLANG_CXX_LIBRARY = "libc++";
				CLANG_ENABLE_MODULES = YES;
				CLANG_ENABLE_OBJC_ARC = YES;
				CLANG_ENABLE_OBJC_WEAK = YES;
				CLANG_WARN_BLOCK_CAPTURE_AUTORELEASING = YES;
				CLANG_WARN_BOOL_CONVERSION = YES;
				CLANG_WARN_COMMA = YES;
				CLANG_WARN_CONSTANT_CONVERSION = YES;
				CLANG_WARN_DEPRECATED_OBJC_IMPLEMENTATIONS = YES;
				CLANG_WARN_DIRECT_OBJC_ISA_USAGE = YES_ERROR;
				CLANG_WARN_DOCUMENTATION_COMMENTS = YES;
				CLANG_WARN_EMPTY_BODY = YES;
				CLANG_WARN_ENUM_CONVERSION = YES;
				CLANG_WARN_INFINITE_RECURSION = YES;
				CLANG_WARN_INT_CONVERSION = YES;
				CLANG_WARN_NON_LITERAL_NULL_CONVERSION = YES;
				CLANG_WARN_OBJC_IMPLICIT_RETAIN_SELF = YES;
				CLANG_WARN_OBJC_LITERAL_CONVERSION = YES;
				CLANG_WARN_OBJC_ROOT_CLASS = YES_ERROR;
				CLANG_WARN_QUOTED_INCLUDE_IN_FRAMEWORK_HEADER = YES;
				CLANG_WARN_RANGE_LOOP_ANALYSIS = YES;
				CLANG_WARN_STRICT_PROTOTYPES = YES;
				CLANG_WARN_SUSPICIOUS_MOVE = YES;
				CLANG_WARN_UNGUARDED_AVAILABILITY = YES_AGGRESSIVE;
				CLANG_WARN_UNREACHABLE_CODE = YES;
				CLANG_WARN__DUPLICATE_METHOD_MATCH = YES;
				COPY_PHASE_STRIP = NO;
				DEBUG_INFORMATION_FORMAT = "dwarf-with-dsym";
				ENABLE_NS_ASSERTIONS = NO;
				ENABLE_STRICT_OBJC_MSGSEND = YES;
				GCC_C_LANGUAGE_STANDARD = gnu11;
				GCC_NO_COMMON_BLOCKS = YES;
				GCC_WARN_64_TO_32_BIT_CONVERSION = YES;
				GCC_WARN_ABOUT_RETURN_TYPE = YES_ERROR;
				GCC_WARN_UNDECLARED_SELECTOR = YES;
				GCC_WARN_UNINITIALIZED_AUTOS = YES_AGGRESSIVE;
				GCC_WARN_UNUSED_FUNCTION = YES;
				GCC_WARN_UNUSED_VARIABLE = YES;
				IPHONEOS_DEPLOYMENT_TARGET = 14.2;
				MTL_ENABLE_DEBUG_INFO = NO;
				MTL_FAST_MATH = YES;
				SDKROOT = iphoneos;
				SWIFT_COMPILATION_MODE = wholemodule;
				SWIFT_OPTIMIZATION_LEVEL = "-O";
				VALIDATE_PRODUCT = YES;
			};
			name = Release;
		};
		EF2803AA25615B0600C8F042 /* Debug */ = {
			isa = XCBuildConfiguration;
			buildSettings = {
				ASSETCATALOG_COMPILER_APPICON_NAME = AppIcon;
				ASSETCATALOG_COMPILER_GLOBAL_ACCENT_COLOR_NAME = AccentColor;
				CODE_SIGN_STYLE = Automatic;
				DEVELOPMENT_ASSET_PATHS = "\"Mapiever/Preview Content\"";
				DEVELOPMENT_TEAM = MR4FP3B2JD;
				ENABLE_PREVIEWS = YES;
				INFOPLIST_FILE = Mapiever/Info.plist;
				IPHONEOS_DEPLOYMENT_TARGET = 14.0;
				LD_RUNPATH_SEARCH_PATHS = (
					"$(inherited)",
					"@executable_path/Frameworks",
				);
				PRODUCT_BUNDLE_IDENTIFIER = com.metealpk.Mapiever;
				PRODUCT_NAME = "$(TARGET_NAME)";
				SWIFT_VERSION = 5.0;
				TARGETED_DEVICE_FAMILY = "1,2";
			};
			name = Debug;
		};
		EF2803AB25615B0600C8F042 /* Release */ = {
			isa = XCBuildConfiguration;
			buildSettings = {
				ASSETCATALOG_COMPILER_APPICON_NAME = AppIcon;
				ASSETCATALOG_COMPILER_GLOBAL_ACCENT_COLOR_NAME = AccentColor;
				CODE_SIGN_STYLE = Automatic;
				DEVELOPMENT_ASSET_PATHS = "\"Mapiever/Preview Content\"";
				DEVELOPMENT_TEAM = MR4FP3B2JD;
				ENABLE_PREVIEWS = YES;
				INFOPLIST_FILE = Mapiever/Info.plist;
				IPHONEOS_DEPLOYMENT_TARGET = 14.0;
				LD_RUNPATH_SEARCH_PATHS = (
					"$(inherited)",
					"@executable_path/Frameworks",
				);
				PRODUCT_BUNDLE_IDENTIFIER = com.metealpk.Mapiever;
				PRODUCT_NAME = "$(TARGET_NAME)";
				SWIFT_VERSION = 5.0;
				TARGETED_DEVICE_FAMILY = "1,2";
			};
			name = Release;
		};
/* End XCBuildConfiguration section */

/* Begin XCConfigurationList section */
		EF28039525615B0500C8F042 /* Build configuration list for PBXProject "Mapiever" */ = {
			isa = XCConfigurationList;
			buildConfigurations = (
				EF2803A725615B0600C8F042 /* Debug */,
				EF2803A825615B0600C8F042 /* Release */,
			);
			defaultConfigurationIsVisible = 0;
			defaultConfigurationName = Release;
		};
		EF2803A925615B0600C8F042 /* Build configuration list for PBXNativeTarget "Mapiever" */ = {
			isa = XCConfigurationList;
			buildConfigurations = (
				EF2803AA25615B0600C8F042 /* Debug */,
				EF2803AB25615B0600C8F042 /* Release */,
			);
			defaultConfigurationIsVisible = 0;
			defaultConfigurationName = Release;
		};
/* End XCConfigurationList section */
	};
	rootObject = EF28039225615B0500C8F042 /* Project object */;
}
